
Microsoft Visual Studio Solution File, Format Version 12.00
# Visual Studio Version 16
VisualStudioVersion = 16.0.28721.148
MinimumVisualStudioVersion = 10.0.40219.1
Project("{2150E333-8FDC-42A3-9474-1A3956D46DE8}") = "Solution Items", "Solution Items", "{A7C2B9B7-E71D-45D7-B9D9-3852BD66DF52}"
	ProjectSection(SolutionItems) = preProject
		README.md = README.md
	EndProjectSection
EndProject
Project("{2150E333-8FDC-42A3-9474-1A3956D46DE8}") = "buildConf", "buildConf", "{02E07FCC-431E-4110-A968-0864C54640C7}"
	ProjectSection(SolutionItems) = preProject
		buildConf\Generic-CodeGen.props = buildConf\Generic-CodeGen.props
		buildConf\Generic.props = buildConf\Generic.props
	EndProjectSection
EndProject
Project("{9A19103F-16F7-4668-BE54-9A1E7A4F7556}") = "Nethereum.LogProcessing.Samples", "Nethereum.LogProcessing.Samples\Nethereum.LogProcessing.Samples.csproj", "{127B9D44-E7BF-40AF-93D3-165426AA7A59}"
EndProject
Project("{9A19103F-16F7-4668-BE54-9A1E7A4F7556}") = "Nethereum.LogProcessing.Tests", "Nethereum.LogProcessing.Tests\Nethereum.LogProcessing.Tests.csproj", "{1F9D33CE-EBD0-4B28-865E-F244822C54C7}"
EndProject
Project("{9A19103F-16F7-4668-BE54-9A1E7A4F7556}") = "Nethereum.LogProcessing.Dynamic", "Nethereum.LogProcessing.Dynamic\Nethereum.LogProcessing.Dynamic.csproj", "{13EDC235-F6D3-455A-9582-2F9D05B2821A}"
EndProject
Project("{9A19103F-16F7-4668-BE54-9A1E7A4F7556}") = "Nethereum.LogProcessing.Dynamic.Tests", "Nethereum.LogProcessing.Dynamic.Tests\Nethereum.LogProcessing.Dynamic.Tests.csproj", "{1DA9C0B4-9F7C-4D7D-B879-D35E4207CFBF}"
EndProject
Project("{9A19103F-16F7-4668-BE54-9A1E7A4F7556}") = "Nethereum.BlockchainProcessing.Test.Utils", "Nethereum.BlockchainProcessing.Test.Utils\Nethereum.BlockchainProcessing.Test.Utils.csproj", "{111608A0-404F-4087-8CD7-ACBA595D87ED}"
EndProject
Project("{2150E333-8FDC-42A3-9474-1A3956D46DE8}") = "Utils", "Utils", "{C14CE4F4-F605-4B5E-98BF-3A20D4AAF9DF}"
EndProject
Project("{2150E333-8FDC-42A3-9474-1A3956D46DE8}") = "Playground", "Playground", "{D825028C-BDD8-4843-B704-5D15B81E98A0}"
EndProject
Project("{9A19103F-16F7-4668-BE54-9A1E7A4F7556}") = "PlaygroundSamples", "PlaygroundSamples\PlaygroundSamples.csproj", "{41B9849E-9C03-4A6D-BA8B-925EF00B82AB}"
EndProject
Project("{9A19103F-16F7-4668-BE54-9A1E7A4F7556}") = "Nethereum.Microsoft.Configuration.Utils", "..\Nethereum.BlockchainStorage\src\Nethereum.Configuration.Utils\Nethereum.Microsoft.Configuration.Utils.csproj", "{A3B7D347-6614-40F3-AB81-3E1FC58342B4}"
EndProject
Project("{9A19103F-16F7-4668-BE54-9A1E7A4F7556}") = "Nethereum.BlockchainStore.Azure.LogProcessor.Db", "Nethereum.BlockchainStore.Azure.LogProcessor.Db\Nethereum.BlockchainStore.Azure.LogProcessor.Db.csproj", "{B2A03D93-7178-4BA9-8530-5FCCCD0AAFEF}"
EndProject
Project("{9A19103F-16F7-4668-BE54-9A1E7A4F7556}") = "Nethereum.BlockchainProcessing.Samples", "Nethereum.BlockchainProcessing.Samples\Nethereum.BlockchainProcessing.Samples.csproj", "{B09C548E-D2B0-4322-B339-88257E4CC2CA}"
EndProject
Global
	GlobalSection(SolutionConfigurationPlatforms) = preSolution
		Debug|Any CPU = Debug|Any CPU
		Release|Any CPU = Release|Any CPU
	EndGlobalSection
	GlobalSection(ProjectConfigurationPlatforms) = postSolution
		{127B9D44-E7BF-40AF-93D3-165426AA7A59}.Debug|Any CPU.ActiveCfg = Debug|Any CPU
		{127B9D44-E7BF-40AF-93D3-165426AA7A59}.Debug|Any CPU.Build.0 = Debug|Any CPU
		{127B9D44-E7BF-40AF-93D3-165426AA7A59}.Release|Any CPU.ActiveCfg = Release|Any CPU
		{127B9D44-E7BF-40AF-93D3-165426AA7A59}.Release|Any CPU.Build.0 = Release|Any CPU
		{1F9D33CE-EBD0-4B28-865E-F244822C54C7}.Debug|Any CPU.ActiveCfg = Debug|Any CPU
		{1F9D33CE-EBD0-4B28-865E-F244822C54C7}.Debug|Any CPU.Build.0 = Debug|Any CPU
		{1F9D33CE-EBD0-4B28-865E-F244822C54C7}.Release|Any CPU.ActiveCfg = Release|Any CPU
		{1F9D33CE-EBD0-4B28-865E-F244822C54C7}.Release|Any CPU.Build.0 = Release|Any CPU
		{13EDC235-F6D3-455A-9582-2F9D05B2821A}.Debug|Any CPU.ActiveCfg = Debug|Any CPU
		{13EDC235-F6D3-455A-9582-2F9D05B2821A}.Debug|Any CPU.Build.0 = Debug|Any CPU
		{13EDC235-F6D3-455A-9582-2F9D05B2821A}.Release|Any CPU.ActiveCfg = Release|Any CPU
		{13EDC235-F6D3-455A-9582-2F9D05B2821A}.Release|Any CPU.Build.0 = Release|Any CPU
		{1DA9C0B4-9F7C-4D7D-B879-D35E4207CFBF}.Debug|Any CPU.ActiveCfg = Debug|Any CPU
		{1DA9C0B4-9F7C-4D7D-B879-D35E4207CFBF}.Debug|Any CPU.Build.0 = Debug|Any CPU
		{1DA9C0B4-9F7C-4D7D-B879-D35E4207CFBF}.Release|Any CPU.ActiveCfg = Release|Any CPU
		{1DA9C0B4-9F7C-4D7D-B879-D35E4207CFBF}.Release|Any CPU.Build.0 = Release|Any CPU
		{111608A0-404F-4087-8CD7-ACBA595D87ED}.Debug|Any CPU.ActiveCfg = Debug|Any CPU
		{111608A0-404F-4087-8CD7-ACBA595D87ED}.Debug|Any CPU.Build.0 = Debug|Any CPU
		{111608A0-404F-4087-8CD7-ACBA595D87ED}.Release|Any CPU.ActiveCfg = Release|Any CPU
		{111608A0-404F-4087-8CD7-ACBA595D87ED}.Release|Any CPU.Build.0 = Release|Any CPU
		{41B9849E-9C03-4A6D-BA8B-925EF00B82AB}.Debug|Any CPU.ActiveCfg = Debug|Any CPU
		{41B9849E-9C03-4A6D-BA8B-925EF00B82AB}.Debug|Any CPU.Build.0 = Debug|Any CPU
		{41B9849E-9C03-4A6D-BA8B-925EF00B82AB}.Release|Any CPU.ActiveCfg = Release|Any CPU
		{41B9849E-9C03-4A6D-BA8B-925EF00B82AB}.Release|Any CPU.Build.0 = Release|Any CPU
		{A3B7D347-6614-40F3-AB81-3E1FC58342B4}.Debug|Any CPU.ActiveCfg = Debug|Any CPU
		{A3B7D347-6614-40F3-AB81-3E1FC58342B4}.Debug|Any CPU.Build.0 = Debug|Any CPU
		{A3B7D347-6614-40F3-AB81-3E1FC58342B4}.Release|Any CPU.ActiveCfg = Release|Any CPU
		{A3B7D347-6614-40F3-AB81-3E1FC58342B4}.Release|Any CPU.Build.0 = Release|Any CPU
		{B2A03D93-7178-4BA9-8530-5FCCCD0AAFEF}.Debug|Any CPU.ActiveCfg = Debug|Any CPU
		{B2A03D93-7178-4BA9-8530-5FCCCD0AAFEF}.Debug|Any CPU.Build.0 = Debug|Any CPU
		{B2A03D93-7178-4BA9-8530-5FCCCD0AAFEF}.Release|Any CPU.ActiveCfg = Release|Any CPU
		{B2A03D93-7178-4BA9-8530-5FCCCD0AAFEF}.Release|Any CPU.Build.0 = Release|Any CPU
		{B09C548E-D2B0-4322-B339-88257E4CC2CA}.Debug|Any CPU.ActiveCfg = Debug|Any CPU
		{B09C548E-D2B0-4322-B339-88257E4CC2CA}.Debug|Any CPU.Build.0 = Debug|Any CPU
		{B09C548E-D2B0-4322-B339-88257E4CC2CA}.Release|Any CPU.ActiveCfg = Release|Any CPU
		{B09C548E-D2B0-4322-B339-88257E4CC2CA}.Release|Any CPU.Build.0 = Release|Any CPU
	EndGlobalSection
	GlobalSection(SolutionProperties) = preSolution
		HideSolutionNode = FALSE
	EndGlobalSection
	GlobalSection(NestedProjects) = preSolution
		{02E07FCC-431E-4110-A968-0864C54640C7} = {A7C2B9B7-E71D-45D7-B9D9-3852BD66DF52}
		{41B9849E-9C03-4A6D-BA8B-925EF00B82AB} = {D825028C-BDD8-4843-B704-5D15B81E98A0}
		{A3B7D347-6614-40F3-AB81-3E1FC58342B4} = {C14CE4F4-F605-4B5E-98BF-3A20D4AAF9DF}
	EndGlobalSection
	GlobalSection(ExtensibilityGlobals) = postSolution
		SolutionGuid = {E8BDA708-C821-4538-93BC-8FC3DCC98B7B}
	EndGlobalSection
EndGlobal
